
Microsoft Visual Studio Solution File, Format Version 12.00
# Visual Studio 15
VisualStudioVersion = 15.0.28307.572
MinimumVisualStudioVersion = 10.0.40219.1
Project("{FAE04EC0-301F-11D3-BF4B-00C04F79EFBC}") = "IS3.Sample.Client", "IS3.Sample.Client\IS3.Sample.Client.csproj", "{8CF4F0E1-C67F-4E2C-926B-EF768DCB4D6B}"
EndProject
Project("{FAE04EC0-301F-11D3-BF4B-00C04F79EFBC}") = "IS3.Sample.ApiSource", "IS3.Sample.ApiSource\IS3.Sample.ApiSource.csproj", "{9419F1C3-B582-4D7C-8B11-E414C3EEBF5E}"
EndProject
Project("{2150E333-8FDC-42A3-9474-1A3956D46DE8}") = "IS3.Sample.ClientAuth", "IS3.Sample.ClientAuth", "{E1E91B32-A0AF-4744-8CE7-84E2C22CBCA0}"
EndProject
Project("{FAE04EC0-301F-11D3-BF4B-00C04F79EFBC}") = "IS3.Sample.Model", "IS3.Sample.Model\IS3.Sample.Model.csproj", "{5A86F22F-1FEE-4FFC-BB26-2887ACF738A7}"
EndProject
Project("{FAE04EC0-301F-11D3-BF4B-00C04F79EFBC}") = "IS3.Sample.DataAccess", "IS3.Sample.DataAccess\IS3.Sample.DataAccess.csproj", "{A8F2F314-89CB-445C-ABBD-E2BFCEA924AD}"
EndProject
Project("{FAE04EC0-301F-11D3-BF4B-00C04F79EFBC}") = "IS3.Sample.AuthServer", "IS3.Sample.AuthServer\IS3.Sample.AuthServer.csproj", "{F9CBCF91-E5D6-4C37-AF2B-F547190A51C8}"
EndProject
Project("{2150E333-8FDC-42A3-9474-1A3956D46DE8}") = "IS3.Sample.UserAuth", "IS3.Sample.UserAuth", "{92AA6ACC-C587-4958-87D9-81B0166883D0}"
EndProject
Project("{FAE04EC0-301F-11D3-BF4B-00C04F79EFBC}") = "IS3.Sample.UserAuthServer", "IS3.Sample.UserAuthServer\IS3.Sample.UserAuthServer.csproj", "{6832128F-1612-402D-BBD6-C2013DE178FE}"
EndProject
Project("{FAE04EC0-301F-11D3-BF4B-00C04F79EFBC}") = "IS3.Sample.WebUser", "IS3.Sample.WebUser\IS3.Sample.WebUser.csproj", "{C3DC4CFC-FE6F-436C-9095-DAEB477CBF05}"
EndProject
Project("{FAE04EC0-301F-11D3-BF4B-00C04F79EFBC}") = "IS3.Sample.JsWebUser", "IS3.Sample.JsWebUser\IS3.Sample.JsWebUser.csproj", "{F284B942-ECAB-49C6-AB85-54EFD05C2BDC}"
EndProject
Project("{2150E333-8FDC-42A3-9474-1A3956D46DE8}") = "IS3.Sample.EFAuth", "IS3.Sample.EFAuth", "{76C60BBF-8384-4202-BAEF-6637581E8F82}"
EndProject
Project("{FAE04EC0-301F-11D3-BF4B-00C04F79EFBC}") = "IS3.Sample.EFAuthServer", "IS3.Sample.EFAuthServer\IS3.Sample.EFAuthServer.csproj", "{C1CA9CF7-B35F-4D2A-BD88-C61C66ABB5BA}"
EndProject
Global
	GlobalSection(SolutionConfigurationPlatforms) = preSolution
		Debug|Any CPU = Debug|Any CPU
		Release|Any CPU = Release|Any CPU
	EndGlobalSection
	GlobalSection(ProjectConfigurationPlatforms) = postSolution
		{8CF4F0E1-C67F-4E2C-926B-EF768DCB4D6B}.Debug|Any CPU.ActiveCfg = Debug|Any CPU
		{8CF4F0E1-C67F-4E2C-926B-EF768DCB4D6B}.Debug|Any CPU.Build.0 = Debug|Any CPU
		{8CF4F0E1-C67F-4E2C-926B-EF768DCB4D6B}.Release|Any CPU.ActiveCfg = Release|Any CPU
		{8CF4F0E1-C67F-4E2C-926B-EF768DCB4D6B}.Release|Any CPU.Build.0 = Release|Any CPU
		{9419F1C3-B582-4D7C-8B11-E414C3EEBF5E}.Debug|Any CPU.ActiveCfg = Debug|Any CPU
		{9419F1C3-B582-4D7C-8B11-E414C3EEBF5E}.Debug|Any CPU.Build.0 = Debug|Any CPU
		{9419F1C3-B582-4D7C-8B11-E414C3EEBF5E}.Release|Any CPU.ActiveCfg = Release|Any CPU
		{9419F1C3-B582-4D7C-8B11-E414C3EEBF5E}.Release|Any CPU.Build.0 = Release|Any CPU
		{5A86F22F-1FEE-4FFC-BB26-2887ACF738A7}.Debug|Any CPU.ActiveCfg = Debug|Any CPU
		{5A86F22F-1FEE-4FFC-BB26-2887ACF738A7}.Debug|Any CPU.Build.0 = Debug|Any CPU
		{5A86F22F-1FEE-4FFC-BB26-2887ACF738A7}.Release|Any CPU.ActiveCfg = Release|Any CPU
		{5A86F22F-1FEE-4FFC-BB26-2887ACF738A7}.Release|Any CPU.Build.0 = Release|Any CPU
		{A8F2F314-89CB-445C-ABBD-E2BFCEA924AD}.Debug|Any CPU.ActiveCfg = Debug|Any CPU
		{A8F2F314-89CB-445C-ABBD-E2BFCEA924AD}.Debug|Any CPU.Build.0 = Debug|Any CPU
		{A8F2F314-89CB-445C-ABBD-E2BFCEA924AD}.Release|Any CPU.ActiveCfg = Release|Any CPU
		{A8F2F314-89CB-445C-ABBD-E2BFCEA924AD}.Release|Any CPU.Build.0 = Release|Any CPU
		{F9CBCF91-E5D6-4C37-AF2B-F547190A51C8}.Debug|Any CPU.ActiveCfg = Debug|Any CPU
		{F9CBCF91-E5D6-4C37-AF2B-F547190A51C8}.Debug|Any CPU.Build.0 = Debug|Any CPU
		{F9CBCF91-E5D6-4C37-AF2B-F547190A51C8}.Release|Any CPU.ActiveCfg = Release|Any CPU
		{F9CBCF91-E5D6-4C37-AF2B-F547190A51C8}.Release|Any CPU.Build.0 = Release|Any CPU
		{6832128F-1612-402D-BBD6-C2013DE178FE}.Debug|Any CPU.ActiveCfg = Debug|Any CPU
		{6832128F-1612-402D-BBD6-C2013DE178FE}.Debug|Any CPU.Build.0 = Debug|Any CPU
		{6832128F-1612-402D-BBD6-C2013DE178FE}.Release|Any CPU.ActiveCfg = Release|Any CPU
		{6832128F-1612-402D-BBD6-C2013DE178FE}.Release|Any CPU.Build.0 = Release|Any CPU
		{C3DC4CFC-FE6F-436C-9095-DAEB477CBF05}.Debug|Any CPU.ActiveCfg = Debug|Any CPU
		{C3DC4CFC-FE6F-436C-9095-DAEB477CBF05}.Debug|Any CPU.Build.0 = Debug|Any CPU
		{C3DC4CFC-FE6F-436C-9095-DAEB477CBF05}.Release|Any CPU.ActiveCfg = Release|Any CPU
		{C3DC4CFC-FE6F-436C-9095-DAEB477CBF05}.Release|Any CPU.Build.0 = Release|Any CPU
		{F284B942-ECAB-49C6-AB85-54EFD05C2BDC}.Debug|Any CPU.ActiveCfg = Debug|Any CPU
		{F284B942-ECAB-49C6-AB85-54EFD05C2BDC}.Debug|Any CPU.Build.0 = Debug|Any CPU
		{F284B942-ECAB-49C6-AB85-54EFD05C2BDC}.Release|Any CPU.ActiveCfg = Release|Any CPU
		{F284B942-ECAB-49C6-AB85-54EFD05C2BDC}.Release|Any CPU.Build.0 = Release|Any CPU
		{C1CA9CF7-B35F-4D2A-BD88-C61C66ABB5BA}.Debug|Any CPU.ActiveCfg = Debug|Any CPU
		{C1CA9CF7-B35F-4D2A-BD88-C61C66ABB5BA}.Debug|Any CPU.Build.0 = Debug|Any CPU
		{C1CA9CF7-B35F-4D2A-BD88-C61C66ABB5BA}.Release|Any CPU.ActiveCfg = Release|Any CPU
		{C1CA9CF7-B35F-4D2A-BD88-C61C66ABB5BA}.Release|Any CPU.Build.0 = Release|Any CPU
	EndGlobalSection
	GlobalSection(SolutionProperties) = preSolution
		HideSolutionNode = FALSE
	EndGlobalSection
	GlobalSection(NestedProjects) = preSolution
		{8CF4F0E1-C67F-4E2C-926B-EF768DCB4D6B} = {E1E91B32-A0AF-4744-8CE7-84E2C22CBCA0}
		{9419F1C3-B582-4D7C-8B11-E414C3EEBF5E} = {E1E91B32-A0AF-4744-8CE7-84E2C22CBCA0}
		{F9CBCF91-E5D6-4C37-AF2B-F547190A51C8} = {E1E91B32-A0AF-4744-8CE7-84E2C22CBCA0}
		{6832128F-1612-402D-BBD6-C2013DE178FE} = {92AA6ACC-C587-4958-87D9-81B0166883D0}
		{C3DC4CFC-FE6F-436C-9095-DAEB477CBF05} = {92AA6ACC-C587-4958-87D9-81B0166883D0}
		{F284B942-ECAB-49C6-AB85-54EFD05C2BDC} = {92AA6ACC-C587-4958-87D9-81B0166883D0}
		{C1CA9CF7-B35F-4D2A-BD88-C61C66ABB5BA} = {76C60BBF-8384-4202-BAEF-6637581E8F82}
	EndGlobalSection
	GlobalSection(ExtensibilityGlobals) = postSolution
		SolutionGuid = {CE58ED5D-0F2E-42F9-8B5A-CB3D62D5B29F}
	EndGlobalSection
EndGlobal
